Microsoft Visual Studio Solution File, Format Version 12.00
# Visual Studio Version 17
VisualStudioVersion = 17.5.2.0
MinimumVisualStudioVersion = 10.0.40219.1
Project("{FAE04EC0-301F-11D3-BF4B-00C04F79EFBC}") = "EcommerceFE", "EcommerceFE.csproj", "{D496F57B-845E-2C4B-2E54-1BD8E27E66A5}"
EndProject
Global
	GlobalSection(SolutionConfigurationPlatforms) = preSolution
		Debug|Any CPU = Debug|Any CPU
		Release|Any CPU = Release|Any CPU
	EndGlobalSection
	GlobalSection(ProjectConfigurationPlatforms) = postSolution
		{D496F57B-845E-2C4B-2E54-1BD8E27E66A5}.Debug|Any CPU.ActiveCfg = Debug|Any CPU
		{D496F57B-845E-2C4B-2E54-1BD8E27E66A5}.Debug|Any CPU.Build.0 = Debug|Any CPU
		{D496F57B-845E-2C4B-2E54-1BD8E27E66A5}.Release|Any CPU.ActiveCfg = Release|Any CPU
		{D496F57B-845E-2C4B-2E54-1BD8E27E66A5}.Release|Any CPU.Build.0 = Release|Any CPU
	EndGlobalSection
	GlobalSection(SolutionProperties) = preSolution
		HideSolutionNode = FALSE
	EndGlobalSection
	GlobalSection(ExtensibilityGlobals) = postSolution
		SolutionGuid = {99834A66-C1F0-441D-A652-4254DA88B06C}
	EndGlobalSection
EndGlobal
